<Solution>
  <Folder Name="/src/">
    <Project Path="dotnet/src/Quantum.Plugin.Abstraction/Quantum.Plugin.Abstraction.csproj" />
  </Folder>
  <Folder Name="/tests/">
    <Project Path="dotnet/test/Quantum.Plugin.Abstraction.Tests/Quantum.Plugin.Abstraction.Tests.csproj" />
  </Folder>
</Solution>
